// !$*UTF8*$!
{
	archiveVersion = 1;
	classes = {
	};
	objectVersion = 46;
	objects = {

/* Begin PBXBuildFile section */
		ED550F0E1DB49F34000557C2 /* main.m in Sources */ = {isa = PBXBuildFile; fileRef = ED550F0D1DB49F34000557C2 /* main.m */; };
		ED550F111DB49F34000557C2 /* AppDelegate.m in Sources */ = {isa = PBXBuildFile; fileRef = ED550F101DB49F34000557C2 /* AppDelegate.m */; };
		ED550F141DB49F34000557C2 /* ViewController.m in Sources */ = {isa = PBXBuildFile; fileRef = ED550F131DB49F34000557C2 /* ViewController.m */; };
		ED550F171DB49F34000557C2 /* Main.storyboard in Resources */ = {isa = PBXBuildFile; fileRef = ED550F151DB49F34000557C2 /* Main.storyboard */; };
		ED550F191DB49F34000557C2 /* Assets.xcassets in Resources */ = {isa = PBXBuildFile; fileRef = ED550F181DB49F34000557C2 /* Assets.xcassets */; };
		ED550F1C1DB49F34000557C2 /* LaunchScreen.storyboard in Resources */ = {isa = PBXBuildFile; fileRef = ED550F1A1DB49F34000557C2 /* LaunchScreen.storyboard */; };
/* End PBXBuildFile section */

/* Begin PBXFileReference section */
		ED550F091DB49F34000557C2 /* Cookie.app */ = {isa = PBXFileReference; explicitFileType = wrapper.application; includeInIndex = 0; path = Cookie.app; sourceTree = BUILT_PRODUCTS_DIR; };
		ED550F0D1DB49F34000557C2 /* main.m */ = {isa = PBXFileReference; lastKnownFileType = sourcecode.c.objc; path = main.m; sourceTree = "<group>"; };
		ED550F0F1DB49F34000557C2 /* AppDelegate.h */ = {isa = PBXFileReference; lastKnownFileType = sourcecode.c.h; path = AppDelegate.h; sourceTree = "<group>"; };
		ED550F101DB49F34000557C2 /* AppDelegate.m */ = {isa = PBXFileReference; lastKnownFileType = sourcecode.c.objc; path = AppDelegate.m; sourceTree = "<group>"; };
		ED550F121DB49F34000557C2 /* ViewController.h */ = {isa = PBXFileReference; lastKnownFileType = sourcecode.c.h; path = ViewController.h; sourceTree = "<group>"; };
		ED550F131DB49F34000557C2 /* ViewController.m */ = {isa = PBXFileReference; lastKnownFileType = sourcecode.c.objc; path = ViewController.m; sourceTree = "<group>"; };
		ED550F161DB49F34000557C2 /* Base */ = {isa = PBXFileReference; lastKnownFileType = file.storyboard; name = Base; path = Base.lproj/Main.storyboard; sourceTree = "<group>"; };
		ED550F181DB49F34000557C2 /* Assets.xcassets */ = {isa = PBXFileReference; lastKnownFileType = folder.assetcatalog; path = Assets.xcassets; sourceTree = "<group>"; };
		ED550F1B1DB49F34000557C2 /* Base */ = {isa = PBXFileReference; lastKnownFileType = file.storyboard; name = Base; path = Base.lproj/LaunchScreen.storyboard; sourceTree = "<group>"; };
		ED550F1D1DB49F34000557C2 /* Info.plist */ = {isa = PBXFileReference; lastKnownFileType = text.plist.xml; path = Info.plist; sourceTree = "<group>"; };
/* End PBXFileReference section */

/* Begin PBXFrameworksBuildPhase section */
		ED550F061DB49F34000557C2 /* Frameworks */ = {
			isa = PBXFrameworksBuildPhase;
			buildActionMask = 2147483647;
			files = (
			);
			runOnlyForDeploymentPostprocessing = 0;
		};
/* End PBXFrameworksBuildPhase section */

/* Begin PBXGroup section */
		ED550F001DB49F34000557C2 = {
			isa = PBXGroup;
			children = (
				ED550F0B1DB49F34000557C2 /* Cookie */,
				ED550F0A1DB49F34000557C2 /* Products */,
			);
			sourceTree = "<group>";
		};
		ED550F0A1DB49F34000557C2 /* Products */ = {
			isa = PBXGroup;
			children = (
				ED550F091DB49F34000557C2 /* Cookie.app */,
			);
			name = Products;
			sourceTree = "<group>";
		};
		ED550F0B1DB49F34000557C2 /* Cookie */ = {
			isa = PBXGroup;
			children = (
				ED550F0F1DB49F34000557C2 /* AppDelegate.h */,
				ED550F101DB49F34000557C2 /* AppDelegate.m */,
				ED550F121DB49F34000557C2 /* ViewController.h */,
				ED550F131DB49F34000557C2 /* ViewController.m */,
				ED550F151DB49F34000557C2 /* Main.storyboard */,
				ED550F181DB49F34000557C2 /* Assets.xcassets */,
				ED550F1A1DB49F34000557C2 /* LaunchScreen.storyboard */,
				ED550F1D1DB49F34000557C2 /* Info.plist */,
				ED550F0C1DB49F34000557C2 /* Supporting Files */,
			);
			path = Cookie;
			sourceTree = "<group>";
		};
		ED550F0C1DB49F34000557C2 /* Supporting Files */ = {
			isa = PBXGroup;
			children = (
				ED550F0D1DB49F34000557C2 /* main.m */,
			);
			name = "Supporting Files";
			sourceTree = "<group>";
		};
/* End PBXGroup section */

/* Begin PBXNativeTarget section */
		ED550F081DB49F34000557C2 /* Cookie */ = {
			isa = PBXNativeTarget;
			buildConfigurationList = ED550F201DB49F34000557C2 /* Build configuration list for PBXNativeTarget "Cookie" */;
			buildPhases = (
				ED550F051DB49F34000557C2 /* Sources */,
				ED550F061DB49F34000557C2 /* Frameworks */,
				ED550F071DB49F34000557C2 /* Resources */,
			);
			buildRules = (
			);
			dependencies = (
			);
			name = Cookie;
			productName = Cookie;
			productReference = ED550F091DB49F34000557C2 /* Cookie.app */;
			productType = "com.apple.product-type.application";
		};
/* End PBXNativeTarget section */

/* Begin PBXProject section */
		ED550F011DB49F34000557C2 /* Project object */ = {
			isa = PBXProject;
			attributes = {
				LastUpgradeCheck = 0800;
				ORGANIZATIONNAME = "Abbin Varghese";
				TargetAttributes = {
					ED550F081DB49F34000557C2 = {
						CreatedOnToolsVersion = 8.0;
						DevelopmentTeam = EDXP6Y48QS;
						ProvisioningStyle = Automatic;
					};
				};
			};
			buildConfigurationList = ED550F041DB49F34000557C2 /* Build configuration list for PBXProject "Cookie" */;
			compatibilityVersion = "Xcode 3.2";
			developmentRegion = English;
			hasScannedForEncodings = 0;
			knownRegions = (
				en,
				Base,
			);
			mainGroup = ED550F001DB49F34000557C2;
			productRefGroup = ED550F0A1DB49F34000557C2 /* Products */;
			projectDirPath = "";
			projectRoot = "";
			targets = (
				ED550F081DB49F34000557C2 /* Cookie */,
			);
		};
/* End PBXProject section */

/* Begin PBXResourcesBuildPhase section */
		ED550F071DB49F34000557C2 /* Resources */ = {
			isa = PBXResourcesBuildPhase;
			buildActionMask = 2147483647;
			files = (
				ED550F1C1DB49F34000557C2 /* LaunchScreen.storyboard in Resources */,
				ED550F191DB49F34000557C2 /* Assets.xcassets in Resources */,
				ED550F171DB49F34000557C2 /* Main.storyboard in Resources */,
			);
			runOnlyForDeploymentPostprocessing = 0;
		};
/* End PBXResourcesBuildPhase section */

/* Begin PBXSourcesBuildPhase section */
		ED550F051DB49F34000557C2 /* Sources */ = {
			isa = PBXSourcesBuildPhase;
			buildActionMask = 2147483647;
			files = (
				ED550F141DB49F34000557C2 /* ViewController.m in Sources */,
				ED550F111DB49F34000557C2 /* AppDelegate.m in Sources */,
				ED550F0E1DB49F34000557C2 /* main.m in Sources */,
			);
			runOnlyForDeploymentPostprocessing = 0;
		};
/* End PBXSourcesBuildPhase section */

/* Begin PBXVariantGroup section */
		ED550F151DB49F34000557C2 /* Main.storyboard */ = {
			isa = PBXVariantGroup;
			children = (
				ED550F161DB49F34000557C2 /* Base */,
			);
			name = Main.storyboard;
			sourceTree = "<group>";
		};
		ED550F1A1DB49F34000557C2 /* LaunchScreen.storyboard */ = {
			isa = PBXVariantGroup;
			children = (
				ED550F1B1DB49F34000557C2 /* Base */,
			);
			name = LaunchScreen.storyboard;
			sourceTree = "<group>";
		};
/* End PBXVariantGroup section */

/* Begin XCBuildConfiguration section */
		ED550F1E1DB49F34000557C2 /* Debug */ = {
			isa = XCBuildConfiguration;
			buildSettings = {
				ALWAYS_SEARCH_USER_PATHS = NO;
				CLANG_ANALYZER_NONNULL = YES;
				CLANG_CXX_LANGUAGE_STANDARD = "gnu++0x";
				CLANG_CXX_LIBRARY = "libc++";
				CLANG_ENABLE_MODULES = YES;
				CLANG_ENABLE_OBJC_ARC = YES;
				CLANG_WARN_BOOL_CONVERSION = YES;
				CLANG_WARN_CONSTANT_CONVERSION = YES;
				CLANG_WARN_DIRECT_OBJC_ISA_USAGE = YES_ERROR;
				CLANG_WARN_DOCUMENTATION_COMMENTS = YES;
				CLANG_WARN_EMPTY_BODY = YES;
				CLANG_WARN_ENUM_CONVERSION = YES;
				CLANG_WARN_INFINITE_RECURSION = YES;
				CLANG_WARN_INT_CONVERSION = YES;
				CLANG_WARN_OBJC_ROOT_CLASS = YES_ERROR;
				CLANG_WARN_SUSPICIOUS_MOVES = YES;
				CLANG_WARN_UNREACHABLE_CODE = YES;
				CLANG_WARN__DUPLICATE_METHOD_MATCH = YES;
				"CODE_SIGN_IDENTITY[sdk=iphoneos*]" = "iPhone Developer";
				COPY_PHASE_STRIP = NO;
				DEBUG_INFORMATION_FORMAT = dwarf;
				ENABLE_STRICT_OBJC_MSGSEND = YES;
				ENABLE_TESTABILITY = YES;
				GCC_C_LANGUAGE_STANDARD = gnu99;
				GCC_DYNAMIC_NO_PIC = NO;
				GCC_NO_COMMON_BLOCKS = YES;
				GCC_OPTIMIZATION_LEVEL = 0;
				GCC_PREPROCESSOR_DEFINITIONS = (
					"DEBUG=1",
					"$(inherited)",
				);
				GCC_WARN_64_TO_32_BIT_CONVERSION = YES;
				GCC_WARN_ABOUT_RETURN_TYPE = YES_ERROR;
				GCC_WARN_UNDECLARED_SELECTOR = YES;
				GCC_WARN_UNINITIALIZED_AUTOS = YES_AGGRESSIVE;
				GCC_WARN_UNUSED_FUNCTION = YES;
				GCC_WARN_UNUSED_VARIABLE = YES;
				IPHONEOS_DEPLOYMENT_TARGET = 10.0;
				MTL_ENABLE_DEBUG_INFO = YES;
				ONLY_ACTIVE_ARCH = YES;
				SDKROOT = iphoneos;
			};
			name = Debug;
		};
		ED550F1F1DB49F34000557C2 /* Release */ = {
			isa = XCBuildConfiguration;
			buildSettings = {
				ALWAYS_SEARCH_USER_PATHS = NO;
				CLANG_ANALYZER_NONNULL = YES;
				CLANG_CXX_LANGUAGE_STANDARD = "gnu++0x";
				CLANG_CXX_LIBRARY = "libc++";
				CLANG_ENABLE_MODULES = YES;
				CLANG_ENABLE_OBJC_ARC = YES;
				CLANG_WARN_BOOL_CONVERSION = YES;
				CLANG_WARN_CONSTANT_CONVERSION = YES;
				CLANG_WARN_DIRECT_OBJC_ISA_USAGE = YES_ERROR;
				CLANG_WARN_DOCUMENTATION_COMMENTS = YES;
				CLANG_WARN_EMPTY_BODY = YES;
				CLANG_WARN_ENUM_CONVERSION = YES;
				CLANG_WARN_INFINITE_RECURSION = YES;
				CLANG_WARN_INT_CONVERSION = YES;
				CLANG_WARN_OBJC_ROOT_CLASS = YES_ERROR;
				CLANG_WARN_SUSPICIOUS_MOVES = YES;
				CLANG_WARN_UNREACHABLE_CODE = YES;
				CLANG_WARN__DUPLICATE_METHOD_MATCH = YES;
				"CODE_SIGN_IDENTITY[sdk=iphoneos*]" = "iPhone Developer";
				COPY_PHASE_STRIP = NO;
				DEBUG_INFORMATION_FORMAT = "dwarf-with-dsym";
				ENABLE_NS_ASSERTIONS = NO;
				ENABLE_STRICT_OBJC_MSGSEND = YES;
				GCC_C_LANGUAGE_STANDARD = gnu99;
				GCC_NO_COMMON_BLOCKS = YES;
				GCC_WARN_64_TO_32_BIT_CONVERSION = YES;
				GCC_WARN_ABOUT_RETURN_TYPE = YES_ERROR;
				GCC_WARN_UNDECLARED_SELECTOR = YES;
				GCC_WARN_UNINITIALIZED_AUTOS = YES_AGGRESSIVE;
				GCC_WARN_UNUSED_FUNCTION = YES;
				GCC_WARN_UNUSED_VARIABLE = YES;
				IPHONEOS_DEPLOYMENT_TARGET = 10.0;
				MTL_ENABLE_DEBUG_INFO = NO;
				SDKROOT = iphoneos;
				VALIDATE_PRODUCT = YES;
			};
			name = Release;
		};
		ED550F211DB49F34000557C2 /* Debug */ = {
			isa = XCBuildConfiguration;
			buildSettings = {
				ASSETCATALOG_COMPILER_APPICON_NAME = AppIcon;
				DEVELOPMENT_TEAM = EDXP6Y48QS;
				INFOPLIST_FILE = Cookie/Info.plist;
				LD_RUNPATH_SEARCH_PATHS = "$(inherited) @executable_path/Frameworks";
				PRODUCT_BUNDLE_IDENTIFIER = com.abbinvarghese.Cookie;
				PRODUCT_NAME = "$(TARGET_NAME)";
			};
			name = Debug;
		};
		ED550F221DB49F34000557C2 /* Release */ = {
			isa = XCBuildConfiguration;
			buildSettings = {
				ASSETCATALOG_COMPILER_APPICON_NAME = AppIcon;
				DEVELOPMENT_TEAM = EDXP6Y48QS;
				INFOPLIST_FILE = Cookie/Info.plist;
				LD_RUNPATH_SEARCH_PATHS = "$(inherited) @executable_path/Frameworks";
				PRODUCT_BUNDLE_IDENTIFIER = com.abbinvarghese.Cookie;
				PRODUCT_NAME = "$(TARGET_NAME)";
			};
			name = Release;
		};
/* End XCBuildConfiguration section */

/* Begin XCConfigurationList section */
		ED550F041DB49F34000557C2 /* Build configuration list for PBXProject "Cookie" */ = {
			isa = XCConfigurationList;
			buildConfigurations = (
				ED550F1E1DB49F34000557C2 /* Debug */,
				ED550F1F1DB49F34000557C2 /* Release */,
			);
			defaultConfigurationIsVisible = 0;
			defaultConfigurationName = Release;
		};
		ED550F201DB49F34000557C2 /* Build configuration list for PBXNativeTarget "Cookie" */ = {
			isa = XCConfigurationList;
			buildConfigurations = (
				ED550F211DB49F34000557C2 /* Debug */,
				ED550F221DB49F34000557C2 /* Release */,
			);
			defaultConfigurationIsVisible = 0;
		};
/* End XCConfigurationList section */
	};
	rootObject = ED550F011DB49F34000557C2 /* Project object */;
}
